// !$*UTF8*$!
{
	archiveVersion = 1;
	classes = {
	};
	objectVersion = 51;
	objects = {

/* Begin PBXBuildFile section */
		8738DA67243E2A690092C2FD /* Pods_COVID_19.framework in Frameworks */ = {isa = PBXBuildFile; fileRef = 03C8FE4661709DD9B45E140B /* Pods_COVID_19.framework */; };
		8738DA68243E2A690092C2FD /* Pods_COVID_19.framework in Embed Frameworks */ = {isa = PBXBuildFile; fileRef = 03C8FE4661709DD9B45E140B /* Pods_COVID_19.framework */; settings = {ATTRIBUTES = (CodeSignOnCopy, RemoveHeadersOnCopy, ); }; };
		875F6A532437A6D0002C652D /* AppDelegate.swift in Sources */ = {isa = PBXBuildFile; fileRef = 875F6A522437A6D0002C652D /* AppDelegate.swift */; };
		875F6A552437A6D0002C652D /* SceneDelegate.swift in Sources */ = {isa = PBXBuildFile; fileRef = 875F6A542437A6D0002C652D /* SceneDelegate.swift */; };
		875F6A572437A6D0002C652D /* MainViewController.swift in Sources */ = {isa = PBXBuildFile; fileRef = 875F6A562437A6D0002C652D /* MainViewController.swift */; };
		875F6A5A2437A6D0002C652D /* Main.storyboard in Resources */ = {isa = PBXBuildFile; fileRef = 875F6A582437A6D0002C652D /* Main.storyboard */; };
		875F6A5C2437A6D1002C652D /* Assets.xcassets in Resources */ = {isa = PBXBuildFile; fileRef = 875F6A5B2437A6D1002C652D /* Assets.xcassets */; };
		875F6A5F2437A6D1002C652D /* LaunchScreen.storyboard in Resources */ = {isa = PBXBuildFile; fileRef = 875F6A5D2437A6D1002C652D /* LaunchScreen.storyboard */; };
		875F6A6A2437B150002C652D /* CountryCell.swift in Sources */ = {isa = PBXBuildFile; fileRef = 875F6A692437B150002C652D /* CountryCell.swift */; };
		875F6A6E2437B61F002C652D /* ModelCountry.swift in Sources */ = {isa = PBXBuildFile; fileRef = 875F6A6D2437B61F002C652D /* ModelCountry.swift */; };
		875F6A732438CF98002C652D /* DataLoaderAPI.swift in Sources */ = {isa = PBXBuildFile; fileRef = 875F6A722438CF98002C652D /* DataLoaderAPI.swift */; };
/* End PBXBuildFile section */

/* Begin PBXCopyFilesBuildPhase section */
		8738DA64243E2A430092C2FD /* Embed Frameworks */ = {
			isa = PBXCopyFilesBuildPhase;
			buildActionMask = 2147483647;
			dstPath = "";
			dstSubfolderSpec = 10;
			files = (
				8738DA68243E2A690092C2FD /* Pods_COVID_19.framework in Embed Frameworks */,
			);
			name = "Embed Frameworks";
			runOnlyForDeploymentPostprocessing = 0;
		};
/* End PBXCopyFilesBuildPhase section */

/* Begin PBXFileReference section */
		03C8FE4661709DD9B45E140B /* Pods_COVID_19.framework */ = {isa = PBXFileReference; explicitFileType = wrapper.framework; includeInIndex = 0; path = Pods_COVID_19.framework; sourceTree = BUILT_PRODUCTS_DIR; };
		8738DA61243E2A430092C2FD /* Alamofire.framework */ = {isa = PBXFileReference; explicitFileType = wrapper.framework; path = Alamofire.framework; sourceTree = BUILT_PRODUCTS_DIR; };
		8738DA69243E2B0A0092C2FD /* Alamofire.framework */ = {isa = PBXFileReference; explicitFileType = wrapper.framework; path = Alamofire.framework; sourceTree = BUILT_PRODUCTS_DIR; };
		8738DA6E243E2C5C0092C2FD /* Alamofire.framework */ = {isa = PBXFileReference; explicitFileType = wrapper.framework; path = Alamofire.framework; sourceTree = BUILT_PRODUCTS_DIR; };
		875F6A4F2437A6D0002C652D /* COVID-19.app */ = {isa = PBXFileReference; explicitFileType = wrapper.application; includeInIndex = 0; path = "COVID-19.app"; sourceTree = BUILT_PRODUCTS_DIR; };
		875F6A522437A6D0002C652D /* AppDelegate.swift */ = {isa = PBXFileReference; lastKnownFileType = sourcecode.swift; path = AppDelegate.swift; sourceTree = "<group>"; };
		875F6A542437A6D0002C652D /* SceneDelegate.swift */ = {isa = PBXFileReference; lastKnownFileType = sourcecode.swift; path = SceneDelegate.swift; sourceTree = "<group>"; };
		875F6A562437A6D0002C652D /* MainViewController.swift */ = {isa = PBXFileReference; lastKnownFileType = sourcecode.swift; path = MainViewController.swift; sourceTree = "<group>"; };
		875F6A592437A6D0002C652D /* Base */ = {isa = PBXFileReference; lastKnownFileType = file.storyboard; name = Base; path = Base.lproj/Main.storyboard; sourceTree = "<group>"; };
		875F6A5B2437A6D1002C652D /* Assets.xcassets */ = {isa = PBXFileReference; lastKnownFileType = folder.assetcatalog; path = Assets.xcassets; sourceTree = "<group>"; };
		875F6A5E2437A6D1002C652D /* Base */ = {isa = PBXFileReference; lastKnownFileType = file.storyboard; name = Base; path = Base.lproj/LaunchScreen.storyboard; sourceTree = "<group>"; };
		875F6A602437A6D1002C652D /* Info.plist */ = {isa = PBXFileReference; lastKnownFileType = text.plist.xml; path = Info.plist; sourceTree = "<group>"; };
		875F6A692437B150002C652D /* CountryCell.swift */ = {isa = PBXFileReference; lastKnownFileType = sourcecode.swift; path = CountryCell.swift; sourceTree = "<group>"; };
		875F6A6D2437B61F002C652D /* ModelCountry.swift */ = {isa = PBXFileReference; lastKnownFileType = sourcecode.swift; path = ModelCountry.swift; sourceTree = "<group>"; };
		875F6A722438CF98002C652D /* DataLoaderAPI.swift */ = {isa = PBXFileReference; lastKnownFileType = sourcecode.swift; path = DataLoaderAPI.swift; sourceTree = "<group>"; };
		EB1A7984998F5FA93BA506D9 /* Pods-COVID-19.debug.xcconfig */ = {isa = PBXFileReference; includeInIndex = 1; lastKnownFileType = text.xcconfig; name = "Pods-COVID-19.debug.xcconfig"; path = "Target Support Files/Pods-COVID-19/Pods-COVID-19.debug.xcconfig"; sourceTree = "<group>"; };
		F3E0F69AB766A27BBE38C3EA /* Pods-COVID-19.release.xcconfig */ = {isa = PBXFileReference; includeInIndex = 1; lastKnownFileType = text.xcconfig; name = "Pods-COVID-19.release.xcconfig"; path = "Target Support Files/Pods-COVID-19/Pods-COVID-19.release.xcconfig"; sourceTree = "<group>"; };
/* End PBXFileReference section */

/* Begin PBXFrameworksBuildPhase section */
		875F6A4C2437A6D0002C652D /* Frameworks */ = {
			isa = PBXFrameworksBuildPhase;
			buildActionMask = 2147483647;
			files = (
				8738DA67243E2A690092C2FD /* Pods_COVID_19.framework in Frameworks */,
			);
			runOnlyForDeploymentPostprocessing = 0;
		};
/* End PBXFrameworksBuildPhase section */

/* Begin PBXGroup section */
		875F6A462437A6D0002C652D = {
			isa = PBXGroup;
			children = (
				875F6A512437A6D0002C652D /* COVID-19 */,
				875F6A502437A6D0002C652D /* Products */,
				E604BCE04356168081F2AAEB /* Pods */,
				CF20BB0E6E7F71E09CC68937 /* Frameworks */,
			);
			sourceTree = "<group>";
		};
		875F6A502437A6D0002C652D /* Products */ = {
			isa = PBXGroup;
			children = (
				875F6A4F2437A6D0002C652D /* COVID-19.app */,
			);
			name = Products;
			sourceTree = "<group>";
		};
		875F6A512437A6D0002C652D /* COVID-19 */ = {
			isa = PBXGroup;
			children = (
				875F6A522437A6D0002C652D /* AppDelegate.swift */,
				875F6A542437A6D0002C652D /* SceneDelegate.swift */,
				875F6A6F2437B689002C652D /* HelperFile */,
				875F6A682437B122002C652D /* View */,
				875F6A672437B110002C652D /* Model */,
				875F6A662437B0F4002C652D /* Controllers */,
				875F6A582437A6D0002C652D /* Main.storyboard */,
				875F6A5B2437A6D1002C652D /* Assets.xcassets */,
				875F6A5D2437A6D1002C652D /* LaunchScreen.storyboard */,
				875F6A602437A6D1002C652D /* Info.plist */,
			);
			path = "COVID-19";
			sourceTree = "<group>";
		};
		875F6A662437B0F4002C652D /* Controllers */ = {
			isa = PBXGroup;
			children = (
				875F6A562437A6D0002C652D /* MainViewController.swift */,
			);
			name = Controllers;
			sourceTree = "<group>";
		};
		875F6A672437B110002C652D /* Model */ = {
			isa = PBXGroup;
			children = (
				875F6A6D2437B61F002C652D /* ModelCountry.swift */,
			);
			path = Model;
			sourceTree = "<group>";
		};
		875F6A682437B122002C652D /* View */ = {
			isa = PBXGroup;
			children = (
				875F6A692437B150002C652D /* CountryCell.swift */,
			);
			path = View;
			sourceTree = "<group>";
		};
		875F6A6F2437B689002C652D /* HelperFile */ = {
			isa = PBXGroup;
			children = (
				875F6A722438CF98002C652D /* DataLoaderAPI.swift */,
			);
			name = HelperFile;
			path = Model;
			sourceTree = "<group>";
		};
		CF20BB0E6E7F71E09CC68937 /* Frameworks */ = {
			isa = PBXGroup;
			children = (
				8738DA6E243E2C5C0092C2FD /* Alamofire.framework */,
				8738DA69243E2B0A0092C2FD /* Alamofire.framework */,
				8738DA61243E2A430092C2FD /* Alamofire.framework */,
				03C8FE4661709DD9B45E140B /* Pods_COVID_19.framework */,
			);
			name = Frameworks;
			sourceTree = "<group>";
		};
		E604BCE04356168081F2AAEB /* Pods */ = {
			isa = PBXGroup;
			children = (
				EB1A7984998F5FA93BA506D9 /* Pods-COVID-19.debug.xcconfig */,
				F3E0F69AB766A27BBE38C3EA /* Pods-COVID-19.release.xcconfig */,
			);
			path = Pods;
			sourceTree = "<group>";
		};
/* End PBXGroup section */

/* Begin PBXNativeTarget section */
		875F6A4E2437A6D0002C652D /* COVID-19 */ = {
			isa = PBXNativeTarget;
			buildConfigurationList = 875F6A632437A6D1002C652D /* Build configuration list for PBXNativeTarget "COVID-19" */;
			buildPhases = (
				6D91B1AF6FE5A65DBC41EB9E /* [CP] Check Pods Manifest.lock */,
				875F6A4B2437A6D0002C652D /* Sources */,
				875F6A4C2437A6D0002C652D /* Frameworks */,
				875F6A4D2437A6D0002C652D /* Resources */,
				BB6477020129BBEEDDD4CA20 /* [CP] Embed Pods Frameworks */,
				8738DA64243E2A430092C2FD /* Embed Frameworks */,
			);
			buildRules = (
			);
			dependencies = (
			);
			name = "COVID-19";
			productName = "COVID-19";
			productReference = 875F6A4F2437A6D0002C652D /* COVID-19.app */;
			productType = "com.apple.product-type.application";
		};
/* End PBXNativeTarget section */

/* Begin PBXProject section */
		875F6A472437A6D0002C652D /* Project object */ = {
			isa = PBXProject;
			attributes = {
				LastSwiftUpdateCheck = 1130;
				LastUpgradeCheck = 1130;
				ORGANIZATIONNAME = "Сергей";
				TargetAttributes = {
					875F6A4E2437A6D0002C652D = {
						CreatedOnToolsVersion = 11.3.1;
					};
				};
			};
			buildConfigurationList = 875F6A4A2437A6D0002C652D /* Build configuration list for PBXProject "COVID-19" */;
			compatibilityVersion = "Xcode 9.3";
			developmentRegion = en;
			hasScannedForEncodings = 0;
			knownRegions = (
				en,
				Base,
			);
			mainGroup = 875F6A462437A6D0002C652D;
			productRefGroup = 875F6A502437A6D0002C652D /* Products */;
			projectDirPath = "";
			projectRoot = "";
			targets = (
				875F6A4E2437A6D0002C652D /* COVID-19 */,
			);
		};
/* End PBXProject section */

/* Begin PBXResourcesBuildPhase section */
		875F6A4D2437A6D0002C652D /* Resources */ = {
			isa = PBXResourcesBuildPhase;
			buildActionMask = 2147483647;
			files = (
				875F6A5F2437A6D1002C652D /* LaunchScreen.storyboard in Resources */,
				875F6A5C2437A6D1002C652D /* Assets.xcassets in Resources */,
				875F6A5A2437A6D0002C652D /* Main.storyboard in Resources */,
			);
			runOnlyForDeploymentPostprocessing = 0;
		};
/* End PBXResourcesBuildPhase section */

/* Begin PBXShellScriptBuildPhase section */
		6D91B1AF6FE5A65DBC41EB9E /* [CP] Check Pods Manifest.lock */ = {
			isa = PBXShellScriptBuildPhase;
			buildActionMask = 2147483647;
			files = (
			);
			inputFileListPaths = (
			);
			inputPaths = (
				"${PODS_PODFILE_DIR_PATH}/Podfile.lock",
				"${PODS_ROOT}/Manifest.lock",
			);
			name = "[CP] Check Pods Manifest.lock";
			outputFileListPaths = (
			);
			outputPaths = (
				"$(DERIVED_FILE_DIR)/Pods-COVID-19-checkManifestLockResult.txt",
			);
			runOnlyForDeploymentPostprocessing = 0;
			shellPath = /bin/sh;
			shellScript = "diff \"${PODS_PODFILE_DIR_PATH}/Podfile.lock\" \"${PODS_ROOT}/Manifest.lock\" > /dev/null\nif [ $? != 0 ] ; then\n    # print error to STDERR\n    echo \"error: The sandbox is not in sync with the Podfile.lock. Run 'pod install' or update your CocoaPods installation.\" >&2\n    exit 1\nfi\n# This output is used by Xcode 'outputs' to avoid re-running this script phase.\necho \"SUCCESS\" > \"${SCRIPT_OUTPUT_FILE_0}\"\n";
			showEnvVarsInLog = 0;
		};
		BB6477020129BBEEDDD4CA20 /* [CP] Embed Pods Frameworks */ = {
			isa = PBXShellScriptBuildPhase;
			buildActionMask = 2147483647;
			files = (
			);
			inputFileListPaths = (
				"${PODS_ROOT}/Target Support Files/Pods-COVID-19/Pods-COVID-19-frameworks-${CONFIGURATION}-input-files.xcfilelist",
			);
			name = "[CP] Embed Pods Frameworks";
			outputFileListPaths = (
				"${PODS_ROOT}/Target Support Files/Pods-COVID-19/Pods-COVID-19-frameworks-${CONFIGURATION}-output-files.xcfilelist",
			);
			runOnlyForDeploymentPostprocessing = 0;
			shellPath = /bin/sh;
			shellScript = "\"${PODS_ROOT}/Target Support Files/Pods-COVID-19/Pods-COVID-19-frameworks.sh\"\n";
			showEnvVarsInLog = 0;
		};
/* End PBXShellScriptBuildPhase section */

/* Begin PBXSourcesBuildPhase section */
		875F6A4B2437A6D0002C652D /* Sources */ = {
			isa = PBXSourcesBuildPhase;
			buildActionMask = 2147483647;
			files = (
				875F6A6E2437B61F002C652D /* ModelCountry.swift in Sources */,
				875F6A732438CF98002C652D /* DataLoaderAPI.swift in Sources */,
				875F6A6A2437B150002C652D /* CountryCell.swift in Sources */,
				875F6A572437A6D0002C652D /* MainViewController.swift in Sources */,
				875F6A532437A6D0002C652D /* AppDelegate.swift in Sources */,
				875F6A552437A6D0002C652D /* SceneDelegate.swift in Sources */,
			);
			runOnlyForDeploymentPostprocessing = 0;
		};
/* End PBXSourcesBuildPhase section */

/* Begin PBXVariantGroup section */
		875F6A582437A6D0002C652D /* Main.storyboard */ = {
			isa = PBXVariantGroup;
			children = (
				875F6A592437A6D0002C652D /* Base */,
			);
			name = Main.storyboard;
			sourceTree = "<group>";
		};
		875F6A5D2437A6D1002C652D /* LaunchScreen.storyboard */ = {
			isa = PBXVariantGroup;
			children = (
				875F6A5E2437A6D1002C652D /* Base */,
			);
			name = LaunchScreen.storyboard;
			sourceTree = "<group>";
		};
/* End PBXVariantGroup section */

/* Begin XCBuildConfiguration section */
		875F6A612437A6D1002C652D /* Debug */ = {
			isa = XCBuildConfiguration;
			buildSettings = {
				ALWAYS_SEARCH_USER_PATHS = NO;
				CLANG_ANALYZER_NONNULL = YES;
				CLANG_ANALYZER_NUMBER_OBJECT_CONVERSION = YES_AGGRESSIVE;
				CLANG_CXX_LANGUAGE_STANDARD = "gnu++14";
				CLANG_CXX_LIBRARY = "libc++";
				CLANG_ENABLE_MODULES = YES;
				CLANG_ENABLE_OBJC_ARC = YES;
				CLANG_ENABLE_OBJC_WEAK = YES;
				CLANG_WARN_BLOCK_CAPTURE_AUTORELEASING = YES;
				CLANG_WARN_BOOL_CONVERSION = YES;
				CLANG_WARN_COMMA = YES;
				CLANG_WARN_CONSTANT_CONVERSION = YES;
				CLANG_WARN_DEPRECATED_OBJC_IMPLEMENTATIONS = YES;
				CLANG_WARN_DIRECT_OBJC_ISA_USAGE = YES_ERROR;
				CLANG_WARN_DOCUMENTATION_COMMENTS = YES;
				CLANG_WARN_EMPTY_BODY = YES;
				CLANG_WARN_ENUM_CONVERSION = YES;
				CLANG_WARN_INFINITE_RECURSION = YES;
				CLANG_WARN_INT_CONVERSION = YES;
				CLANG_WARN_NON_LITERAL_NULL_CONVERSION = YES;
				CLANG_WARN_OBJC_IMPLICIT_RETAIN_SELF = YES;
				CLANG_WARN_OBJC_LITERAL_CONVERSION = YES;
				CLANG_WARN_OBJC_ROOT_CLASS = YES_ERROR;
				CLANG_WARN_RANGE_LOOP_ANALYSIS = YES;
				CLANG_WARN_STRICT_PROTOTYPES = YES;
				CLANG_WARN_SUSPICIOUS_MOVE = YES;
				CLANG_WARN_UNGUARDED_AVAILABILITY = YES_AGGRESSIVE;
				CLANG_WARN_UNREACHABLE_CODE = YES;
				CLANG_WARN__DUPLICATE_METHOD_MATCH = YES;
				COPY_PHASE_STRIP = NO;
				DEBUG_INFORMATION_FORMAT = dwarf;
				ENABLE_STRICT_OBJC_MSGSEND = YES;
				ENABLE_TESTABILITY = YES;
				GCC_C_LANGUAGE_STANDARD = gnu11;
				GCC_DYNAMIC_NO_PIC = NO;
				GCC_NO_COMMON_BLOCKS = YES;
				GCC_OPTIMIZATION_LEVEL = 0;
				GCC_PREPROCESSOR_DEFINITIONS = (
					"DEBUG=1",
					"$(inherited)",
				);
				GCC_WARN_64_TO_32_BIT_CONVERSION = YES;
				GCC_WARN_ABOUT_RETURN_TYPE = YES_ERROR;
				GCC_WARN_UNDECLARED_SELECTOR = YES;
				GCC_WARN_UNINITIALIZED_AUTOS = YES_AGGRESSIVE;
				GCC_WARN_UNUSED_FUNCTION = YES;
				GCC_WARN_UNUSED_VARIABLE = YES;
				IPHONEOS_DEPLOYMENT_TARGET = 13.2;
				MACH_O_TYPE = mh_execute;
				MTL_ENABLE_DEBUG_INFO = INCLUDE_SOURCE;
				MTL_FAST_MATH = YES;
				ONLY_ACTIVE_ARCH = YES;
				SDKROOT = iphoneos;
				SWIFT_ACTIVE_COMPILATION_CONDITIONS = DEBUG;
				SWIFT_OPTIMIZATION_LEVEL = "-Onone";
			};
			name = Debug;
		};
		875F6A622437A6D1002C652D /* Release */ = {
			isa = XCBuildConfiguration;
			buildSettings = {
				ALWAYS_SEARCH_USER_PATHS = NO;
				CLANG_ANALYZER_NONNULL = YES;
				CLANG_ANALYZER_NUMBER_OBJECT_CONVERSION = YES_AGGRESSIVE;
				CLANG_CXX_LANGUAGE_STANDARD = "gnu++14";
				CLANG_CXX_LIBRARY = "libc++";
				CLANG_ENABLE_MODULES = YES;
				CLANG_ENABLE_OBJC_ARC = YES;
				CLANG_ENABLE_OBJC_WEAK = YES;
				CLANG_WARN_BLOCK_CAPTURE_AUTORELEASING = YES;
				CLANG_WARN_BOOL_CONVERSION = YES;
				CLANG_WARN_COMMA = YES;
				CLANG_WARN_CONSTANT_CONVERSION = YES;
				CLANG_WARN_DEPRECATED_OBJC_IMPLEMENTATIONS = YES;
				CLANG_WARN_DIRECT_OBJC_ISA_USAGE = YES_ERROR;
				CLANG_WARN_DOCUMENTATION_COMMENTS = YES;
				CLANG_WARN_EMPTY_BODY = YES;
				CLANG_WARN_ENUM_CONVERSION = YES;
				CLANG_WARN_INFINITE_RECURSION = YES;
				CLANG_WARN_INT_CONVERSION = YES;
				CLANG_WARN_NON_LITERAL_NULL_CONVERSION = YES;
				CLANG_WARN_OBJC_IMPLICIT_RETAIN_SELF = YES;
				CLANG_WARN_OBJC_LITERAL_CONVERSION = YES;
				CLANG_WARN_OBJC_ROOT_CLASS = YES_ERROR;
				CLANG_WARN_RANGE_LOOP_ANALYSIS = YES;
				CLANG_WARN_STRICT_PROTOTYPES = YES;
				CLANG_WARN_SUSPICIOUS_MOVE = YES;
				CLANG_WARN_UNGUARDED_AVAILABILITY = YES_AGGRESSIVE;
				CLANG_WARN_UNREACHABLE_CODE = YES;
				CLANG_WARN__DUPLICATE_METHOD_MATCH = YES;
				COPY_PHASE_STRIP = NO;
				DEBUG_INFORMATION_FORMAT = "dwarf-with-dsym";
				ENABLE_NS_ASSERTIONS = NO;
				ENABLE_STRICT_OBJC_MSGSEND = YES;
				GCC_C_LANGUAGE_STANDARD = gnu11;
				GCC_NO_COMMON_BLOCKS = YES;
				GCC_WARN_64_TO_32_BIT_CONVERSION = YES;
				GCC_WARN_ABOUT_RETURN_TYPE = YES_ERROR;
				GCC_WARN_UNDECLARED_SELECTOR = YES;
				GCC_WARN_UNINITIALIZED_AUTOS = YES_AGGRESSIVE;
				GCC_WARN_UNUSED_FUNCTION = YES;
				GCC_WARN_UNUSED_VARIABLE = YES;
				IPHONEOS_DEPLOYMENT_TARGET = 13.2;
				MACH_O_TYPE = mh_execute;
				MTL_ENABLE_DEBUG_INFO = NO;
				MTL_FAST_MATH = YES;
				SDKROOT = iphoneos;
				SWIFT_COMPILATION_MODE = wholemodule;
				SWIFT_OPTIMIZATION_LEVEL = "-O";
				VALIDATE_PRODUCT = YES;
			};
			name = Release;
		};
		875F6A642437A6D1002C652D /* Debug */ = {
			isa = XCBuildConfiguration;
			baseConfigurationReference = EB1A7984998F5FA93BA506D9 /* Pods-COVID-19.debug.xcconfig */;
			buildSettings = {
				ASSETCATALOG_COMPILER_APPICON_NAME = AppIcon;
				CODE_SIGN_IDENTITY = "Apple Development";
				CODE_SIGN_STYLE = Automatic;
				DEVELOPMENT_TEAM = W9Z3YC6W2U;
				INFOPLIST_FILE = "COVID-19/Info.plist";
				IPHONEOS_DEPLOYMENT_TARGET = 13.0;
				LD_RUNPATH_SEARCH_PATHS = (
					"$(inherited)",
					"@executable_path/Frameworks",
				);
				MACH_O_TYPE = mh_execute;
				PRODUCT_BUNDLE_IDENTIFIER = "-.COVID-19";
				PRODUCT_NAME = "$(TARGET_NAME)";
				PROVISIONING_PROFILE_SPECIFIER = "";
				SWIFT_VERSION = 5.0;
				TARGETED_DEVICE_FAMILY = 1;
			};
			name = Debug;
		};
		875F6A652437A6D1002C652D /* Release */ = {
			isa = XCBuildConfiguration;
			baseConfigurationReference = F3E0F69AB766A27BBE38C3EA /* Pods-COVID-19.release.xcconfig */;
			buildSettings = {
				ASSETCATALOG_COMPILER_APPICON_NAME = AppIcon;
				CODE_SIGN_IDENTITY = "Apple Development";
				CODE_SIGN_STYLE = Automatic;
				DEVELOPMENT_TEAM = W9Z3YC6W2U;
				INFOPLIST_FILE = "COVID-19/Info.plist";
				IPHONEOS_DEPLOYMENT_TARGET = 13.0;
				LD_RUNPATH_SEARCH_PATHS = (
					"$(inherited)",
					"@executable_path/Frameworks",
				);
				MACH_O_TYPE = mh_execute;
				PRODUCT_BUNDLE_IDENTIFIER = "-.COVID-19";
				PRODUCT_NAME = "$(TARGET_NAME)";
				PROVISIONING_PROFILE_SPECIFIER = "";
				SWIFT_VERSION = 5.0;
				TARGETED_DEVICE_FAMILY = 1;
			};
			name = Release;
		};
/* End XCBuildConfiguration section */

/* Begin XCConfigurationList section */
		875F6A4A2437A6D0002C652D /* Build configuration list for PBXProject "COVID-19" */ = {
			isa = XCConfigurationList;
			buildConfigurations = (
				875F6A612437A6D1002C652D /* Debug */,
				875F6A622437A6D1002C652D /* Release */,
			);
			defaultConfigurationIsVisible = 0;
			defaultConfigurationName = Release;
		};
		875F6A632437A6D1002C652D /* Build configuration list for PBXNativeTarget "COVID-19" */ = {
			isa = XCConfigurationList;
			buildConfigurations = (
				875F6A642437A6D1002C652D /* Debug */,
				875F6A652437A6D1002C652D /* Release */,
			);
			defaultConfigurationIsVisible = 0;
			defaultConfigurationName = Release;
		};
/* End XCConfigurationList section */
	};
	rootObject = 875F6A472437A6D0002C652D /* Project object */;
}
